
Microsoft Visual Studio Solution File, Format Version 12.00
# Visual Studio Version 16
VisualStudioVersion = 16.0.29001.49
MinimumVisualStudioVersion = 10.0.40219.1
Project("{9A19103F-16F7-4668-BE54-9A1E7A4F7556}") = "Owl.GeneralTree.Domain.Shared", "src\Owl.GeneralTree.Domain.Shared\Owl.GeneralTree.Domain.Shared.csproj", "{D64C1577-4929-4B60-939E-96DE1534891A}"
EndProject
Project("{9A19103F-16F7-4668-BE54-9A1E7A4F7556}") = "Owl.GeneralTree.Domain", "src\Owl.GeneralTree.Domain\Owl.GeneralTree.Domain.csproj", "{F2840BC7-0188-4606-9126-DADD0F5ABF7A}"
EndProject
Project("{2150E333-8FDC-42A3-9474-1A3956D46DE8}") = "src", "src", "{649A3FFA-182F-4E56-9717-E6A9A2BEC545}"
EndProject
Project("{2150E333-8FDC-42A3-9474-1A3956D46DE8}") = "test", "test", "{CCD2960C-23CC-4AB4-B84D-60C7AAA52F4D}"
EndProject
Project("{9A19103F-16F7-4668-BE54-9A1E7A4F7556}") = "Owl.GeneralTree.TestBase", "test\Owl.GeneralTree.TestBase\Owl.GeneralTree.TestBase.csproj", "{C5BB573D-3030-4BCB-88B7-F6A85C32766C}"
EndProject
Project("{9A19103F-16F7-4668-BE54-9A1E7A4F7556}") = "Owl.GeneralTree.EntityFrameworkCore", "src\Owl.GeneralTree.EntityFrameworkCore\Owl.GeneralTree.EntityFrameworkCore.csproj", "{BEB12620-BFDE-4C8C-8CAF-5B675C7B47D3}"
EndProject
Project("{9A19103F-16F7-4668-BE54-9A1E7A4F7556}") = "Owl.GeneralTree.MongoDB", "src\Owl.GeneralTree.MongoDB\Owl.GeneralTree.MongoDB.csproj", "{EC764CC7-08DA-4180-9E85-9BA478FC2145}"
EndProject
Project("{9A19103F-16F7-4668-BE54-9A1E7A4F7556}") = "Owl.GeneralTree.MongoDB.Tests", "test\Owl.GeneralTree.MongoDB.Tests\Owl.GeneralTree.MongoDB.Tests.csproj", "{B3ADF31A-E54A-4E76-BAFD-91C5E084A840}"
EndProject
Project("{9A19103F-16F7-4668-BE54-9A1E7A4F7556}") = "Owl.GeneralTree.EntityFrameworkCore.Tests", "test\Owl.GeneralTree.EntityFrameworkCore.Tests\Owl.GeneralTree.EntityFrameworkCore.Tests.csproj", "{4D0BDE2C-E65F-47AF-8482-246A98C166AB}"
EndProject
Project("{FAE04EC0-301F-11D3-BF4B-00C04F79EFBC}") = "Owl.GeneralTree.Domain.Tests", "test\Owl.GeneralTree.Domain.Tests\Owl.GeneralTree.Domain.Tests.csproj", "{214D0054-D6B6-42B7-BA38-C5ACC9FC5AA2}"
EndProject
Project("{FAE04EC0-301F-11D3-BF4B-00C04F79EFBC}") = "Owl.GeneralTree.Application", "src\Owl.GeneralTree.Application\Owl.GeneralTree.Application.csproj", "{288BDF39-2C7E-4322-B417-8103C13CC07A}"
EndProject
Project("{FAE04EC0-301F-11D3-BF4B-00C04F79EFBC}") = "Owl.GeneralTree.Application.Contracts", "src\Owl.GeneralTree.Application.Contracts\Owl.GeneralTree.Application.Contracts.csproj", "{07BABA06-0D48-4BD6-B02C-252EF6837A0A}"
EndProject
Project("{FAE04EC0-301F-11D3-BF4B-00C04F79EFBC}") = "Owl.GeneralTree.Application.Tests", "test\Owl.GeneralTree.Application.Tests\Owl.GeneralTree.Application.Tests.csproj", "{CE109735-D851-48AA-A982-0C5E717CE8F9}"
EndProject
Project("{2150E333-8FDC-42A3-9474-1A3956D46DE8}") = "app", "app", "{51B49A9C-4BC1-4F10-8CAC-ABF669BDC1CD}"
EndProject
Project("{FAE04EC0-301F-11D3-BF4B-00C04F79EFBC}") = "MyTree.Web", "app\src\MyTree.Web\MyTree.Web.csproj", "{655D7CD5-4481-4262-83EE-5FE9A1BFEDDE}"
EndProject
Project("{2150E333-8FDC-42A3-9474-1A3956D46DE8}") = "src", "src", "{746132E8-F86A-42F6-ADBA-E23B284A1AA8}"
EndProject
Project("{FAE04EC0-301F-11D3-BF4B-00C04F79EFBC}") = "MyTree.Application", "app\src\MyTree.Application\MyTree.Application.csproj", "{190AD39D-FBE3-4F57-8619-66804B4BDFB7}"
EndProject
Project("{FAE04EC0-301F-11D3-BF4B-00C04F79EFBC}") = "MyTree.Application.Contracts", "app\src\MyTree.Application.Contracts\MyTree.Application.Contracts.csproj", "{6EC8AA36-E911-4E9D-BD8B-A03282D29AF4}"
EndProject
Project("{FAE04EC0-301F-11D3-BF4B-00C04F79EFBC}") = "MyTree.Domain", "app\src\MyTree.Domain\MyTree.Domain.csproj", "{A0AD9FA7-8D87-41A3-9EEE-3C6605EFC67F}"
EndProject
Project("{FAE04EC0-301F-11D3-BF4B-00C04F79EFBC}") = "MyTree.Domain.Shared", "app\src\MyTree.Domain.Shared\MyTree.Domain.Shared.csproj", "{0F9DCA03-B6B3-42C3-A7A0-42FBCB1EDDE2}"
EndProject
Project("{FAE04EC0-301F-11D3-BF4B-00C04F79EFBC}") = "MyTree.EntityFrameworkCore", "app\src\MyTree.EntityFrameworkCore\MyTree.EntityFrameworkCore.csproj", "{D83D5343-E016-42F9-9D6D-71FB578756B8}"
EndProject
Global
	GlobalSection(SolutionConfigurationPlatforms) = preSolution
		Debug|Any CPU = Debug|Any CPU
		Release|Any CPU = Release|Any CPU
	EndGlobalSection
	GlobalSection(ProjectConfigurationPlatforms) = postSolution
		{D64C1577-4929-4B60-939E-96DE1534891A}.Debug|Any CPU.ActiveCfg = Debug|Any CPU
		{D64C1577-4929-4B60-939E-96DE1534891A}.Debug|Any CPU.Build.0 = Debug|Any CPU
		{D64C1577-4929-4B60-939E-96DE1534891A}.Release|Any CPU.ActiveCfg = Release|Any CPU
		{D64C1577-4929-4B60-939E-96DE1534891A}.Release|Any CPU.Build.0 = Release|Any CPU
		{F2840BC7-0188-4606-9126-DADD0F5ABF7A}.Debug|Any CPU.ActiveCfg = Debug|Any CPU
		{F2840BC7-0188-4606-9126-DADD0F5ABF7A}.Debug|Any CPU.Build.0 = Debug|Any CPU
		{F2840BC7-0188-4606-9126-DADD0F5ABF7A}.Release|Any CPU.ActiveCfg = Release|Any CPU
		{F2840BC7-0188-4606-9126-DADD0F5ABF7A}.Release|Any CPU.Build.0 = Release|Any CPU
		{C5BB573D-3030-4BCB-88B7-F6A85C32766C}.Debug|Any CPU.ActiveCfg = Debug|Any CPU
		{C5BB573D-3030-4BCB-88B7-F6A85C32766C}.Debug|Any CPU.Build.0 = Debug|Any CPU
		{C5BB573D-3030-4BCB-88B7-F6A85C32766C}.Release|Any CPU.ActiveCfg = Release|Any CPU
		{C5BB573D-3030-4BCB-88B7-F6A85C32766C}.Release|Any CPU.Build.0 = Release|Any CPU
		{BEB12620-BFDE-4C8C-8CAF-5B675C7B47D3}.Debug|Any CPU.ActiveCfg = Debug|Any CPU
		{BEB12620-BFDE-4C8C-8CAF-5B675C7B47D3}.Debug|Any CPU.Build.0 = Debug|Any CPU
		{BEB12620-BFDE-4C8C-8CAF-5B675C7B47D3}.Release|Any CPU.ActiveCfg = Release|Any CPU
		{BEB12620-BFDE-4C8C-8CAF-5B675C7B47D3}.Release|Any CPU.Build.0 = Release|Any CPU
		{EC764CC7-08DA-4180-9E85-9BA478FC2145}.Debug|Any CPU.ActiveCfg = Debug|Any CPU
		{EC764CC7-08DA-4180-9E85-9BA478FC2145}.Debug|Any CPU.Build.0 = Debug|Any CPU
		{EC764CC7-08DA-4180-9E85-9BA478FC2145}.Release|Any CPU.ActiveCfg = Release|Any CPU
		{EC764CC7-08DA-4180-9E85-9BA478FC2145}.Release|Any CPU.Build.0 = Release|Any CPU
		{B3ADF31A-E54A-4E76-BAFD-91C5E084A840}.Debug|Any CPU.ActiveCfg = Debug|Any CPU
		{B3ADF31A-E54A-4E76-BAFD-91C5E084A840}.Debug|Any CPU.Build.0 = Debug|Any CPU
		{B3ADF31A-E54A-4E76-BAFD-91C5E084A840}.Release|Any CPU.ActiveCfg = Release|Any CPU
		{B3ADF31A-E54A-4E76-BAFD-91C5E084A840}.Release|Any CPU.Build.0 = Release|Any CPU
		{4D0BDE2C-E65F-47AF-8482-246A98C166AB}.Debug|Any CPU.ActiveCfg = Debug|Any CPU
		{4D0BDE2C-E65F-47AF-8482-246A98C166AB}.Debug|Any CPU.Build.0 = Debug|Any CPU
		{4D0BDE2C-E65F-47AF-8482-246A98C166AB}.Release|Any CPU.ActiveCfg = Release|Any CPU
		{4D0BDE2C-E65F-47AF-8482-246A98C166AB}.Release|Any CPU.Build.0 = Release|Any CPU
		{214D0054-D6B6-42B7-BA38-C5ACC9FC5AA2}.Debug|Any CPU.ActiveCfg = Debug|Any CPU
		{214D0054-D6B6-42B7-BA38-C5ACC9FC5AA2}.Debug|Any CPU.Build.0 = Debug|Any CPU
		{214D0054-D6B6-42B7-BA38-C5ACC9FC5AA2}.Release|Any CPU.ActiveCfg = Release|Any CPU
		{214D0054-D6B6-42B7-BA38-C5ACC9FC5AA2}.Release|Any CPU.Build.0 = Release|Any CPU
		{288BDF39-2C7E-4322-B417-8103C13CC07A}.Debug|Any CPU.ActiveCfg = Debug|Any CPU
		{288BDF39-2C7E-4322-B417-8103C13CC07A}.Debug|Any CPU.Build.0 = Debug|Any CPU
		{288BDF39-2C7E-4322-B417-8103C13CC07A}.Release|Any CPU.ActiveCfg = Release|Any CPU
		{288BDF39-2C7E-4322-B417-8103C13CC07A}.Release|Any CPU.Build.0 = Release|Any CPU
		{07BABA06-0D48-4BD6-B02C-252EF6837A0A}.Debug|Any CPU.ActiveCfg = Debug|Any CPU
		{07BABA06-0D48-4BD6-B02C-252EF6837A0A}.Debug|Any CPU.Build.0 = Debug|Any CPU
		{07BABA06-0D48-4BD6-B02C-252EF6837A0A}.Release|Any CPU.ActiveCfg = Release|Any CPU
		{07BABA06-0D48-4BD6-B02C-252EF6837A0A}.Release|Any CPU.Build.0 = Release|Any CPU
		{CE109735-D851-48AA-A982-0C5E717CE8F9}.Debug|Any CPU.ActiveCfg = Debug|Any CPU
		{CE109735-D851-48AA-A982-0C5E717CE8F9}.Debug|Any CPU.Build.0 = Debug|Any CPU
		{CE109735-D851-48AA-A982-0C5E717CE8F9}.Release|Any CPU.ActiveCfg = Release|Any CPU
		{CE109735-D851-48AA-A982-0C5E717CE8F9}.Release|Any CPU.Build.0 = Release|Any CPU
		{655D7CD5-4481-4262-83EE-5FE9A1BFEDDE}.Debug|Any CPU.ActiveCfg = Debug|Any CPU
		{655D7CD5-4481-4262-83EE-5FE9A1BFEDDE}.Debug|Any CPU.Build.0 = Debug|Any CPU
		{655D7CD5-4481-4262-83EE-5FE9A1BFEDDE}.Release|Any CPU.ActiveCfg = Release|Any CPU
		{655D7CD5-4481-4262-83EE-5FE9A1BFEDDE}.Release|Any CPU.Build.0 = Release|Any CPU
		{190AD39D-FBE3-4F57-8619-66804B4BDFB7}.Debug|Any CPU.ActiveCfg = Debug|Any CPU
		{190AD39D-FBE3-4F57-8619-66804B4BDFB7}.Debug|Any CPU.Build.0 = Debug|Any CPU
		{190AD39D-FBE3-4F57-8619-66804B4BDFB7}.Release|Any CPU.ActiveCfg = Release|Any CPU
		{190AD39D-FBE3-4F57-8619-66804B4BDFB7}.Release|Any CPU.Build.0 = Release|Any CPU
		{6EC8AA36-E911-4E9D-BD8B-A03282D29AF4}.Debug|Any CPU.ActiveCfg = Debug|Any CPU
		{6EC8AA36-E911-4E9D-BD8B-A03282D29AF4}.Debug|Any CPU.Build.0 = Debug|Any CPU
		{6EC8AA36-E911-4E9D-BD8B-A03282D29AF4}.Release|Any CPU.ActiveCfg = Release|Any CPU
		{6EC8AA36-E911-4E9D-BD8B-A03282D29AF4}.Release|Any CPU.Build.0 = Release|Any CPU
		{A0AD9FA7-8D87-41A3-9EEE-3C6605EFC67F}.Debug|Any CPU.ActiveCfg = Debug|Any CPU
		{A0AD9FA7-8D87-41A3-9EEE-3C6605EFC67F}.Debug|Any CPU.Build.0 = Debug|Any CPU
		{A0AD9FA7-8D87-41A3-9EEE-3C6605EFC67F}.Release|Any CPU.ActiveCfg = Release|Any CPU
		{A0AD9FA7-8D87-41A3-9EEE-3C6605EFC67F}.Release|Any CPU.Build.0 = Release|Any CPU
		{0F9DCA03-B6B3-42C3-A7A0-42FBCB1EDDE2}.Debug|Any CPU.ActiveCfg = Debug|Any CPU
		{0F9DCA03-B6B3-42C3-A7A0-42FBCB1EDDE2}.Debug|Any CPU.Build.0 = Debug|Any CPU
		{0F9DCA03-B6B3-42C3-A7A0-42FBCB1EDDE2}.Release|Any CPU.ActiveCfg = Release|Any CPU
		{0F9DCA03-B6B3-42C3-A7A0-42FBCB1EDDE2}.Release|Any CPU.Build.0 = Release|Any CPU
		{D83D5343-E016-42F9-9D6D-71FB578756B8}.Debug|Any CPU.ActiveCfg = Debug|Any CPU
		{D83D5343-E016-42F9-9D6D-71FB578756B8}.Debug|Any CPU.Build.0 = Debug|Any CPU
		{D83D5343-E016-42F9-9D6D-71FB578756B8}.Release|Any CPU.ActiveCfg = Release|Any CPU
		{D83D5343-E016-42F9-9D6D-71FB578756B8}.Release|Any CPU.Build.0 = Release|Any CPU
	EndGlobalSection
	GlobalSection(SolutionProperties) = preSolution
		HideSolutionNode = FALSE
	EndGlobalSection
	GlobalSection(NestedProjects) = preSolution
		{D64C1577-4929-4B60-939E-96DE1534891A} = {649A3FFA-182F-4E56-9717-E6A9A2BEC545}
		{F2840BC7-0188-4606-9126-DADD0F5ABF7A} = {649A3FFA-182F-4E56-9717-E6A9A2BEC545}
		{C5BB573D-3030-4BCB-88B7-F6A85C32766C} = {CCD2960C-23CC-4AB4-B84D-60C7AAA52F4D}
		{BEB12620-BFDE-4C8C-8CAF-5B675C7B47D3} = {649A3FFA-182F-4E56-9717-E6A9A2BEC545}
		{EC764CC7-08DA-4180-9E85-9BA478FC2145} = {649A3FFA-182F-4E56-9717-E6A9A2BEC545}
		{B3ADF31A-E54A-4E76-BAFD-91C5E084A840} = {CCD2960C-23CC-4AB4-B84D-60C7AAA52F4D}
		{4D0BDE2C-E65F-47AF-8482-246A98C166AB} = {CCD2960C-23CC-4AB4-B84D-60C7AAA52F4D}
		{214D0054-D6B6-42B7-BA38-C5ACC9FC5AA2} = {CCD2960C-23CC-4AB4-B84D-60C7AAA52F4D}
		{288BDF39-2C7E-4322-B417-8103C13CC07A} = {649A3FFA-182F-4E56-9717-E6A9A2BEC545}
		{07BABA06-0D48-4BD6-B02C-252EF6837A0A} = {649A3FFA-182F-4E56-9717-E6A9A2BEC545}
		{CE109735-D851-48AA-A982-0C5E717CE8F9} = {CCD2960C-23CC-4AB4-B84D-60C7AAA52F4D}
		{746132E8-F86A-42F6-ADBA-E23B284A1AA8} = {51B49A9C-4BC1-4F10-8CAC-ABF669BDC1CD}
		{655D7CD5-4481-4262-83EE-5FE9A1BFEDDE} = {746132E8-F86A-42F6-ADBA-E23B284A1AA8}
		{190AD39D-FBE3-4F57-8619-66804B4BDFB7} = {746132E8-F86A-42F6-ADBA-E23B284A1AA8}
		{6EC8AA36-E911-4E9D-BD8B-A03282D29AF4} = {746132E8-F86A-42F6-ADBA-E23B284A1AA8}
		{A0AD9FA7-8D87-41A3-9EEE-3C6605EFC67F} = {746132E8-F86A-42F6-ADBA-E23B284A1AA8}
		{0F9DCA03-B6B3-42C3-A7A0-42FBCB1EDDE2} = {746132E8-F86A-42F6-ADBA-E23B284A1AA8}
		{D83D5343-E016-42F9-9D6D-71FB578756B8} = {746132E8-F86A-42F6-ADBA-E23B284A1AA8}
	EndGlobalSection
	GlobalSection(ExtensibilityGlobals) = postSolution
		SolutionGuid = {4324B3B4-B60B-4E3C-91D8-59576B4E26DD}
	EndGlobalSection
EndGlobal
